
Microsoft Visual Studio Solution File, Format Version 12.00
# Visual Studio Version 16
VisualStudioVersion = 16.0.30204.135
MinimumVisualStudioVersion = 10.0.40219.1
Project("{9A19103F-16F7-4668-BE54-9A1E7A4F7556}") = "Assignment2C2P.Web", "Assignment2C2P.Web\Assignment2C2P.Web.csproj", "{82742A77-AA59-4837-9462-641E3D63C132}"
EndProject
Project("{2150E333-8FDC-42A3-9474-1A3956D46DE8}") = "BusinessLogic", "BusinessLogic", "{39B9745A-2FBB-45A6-8028-A17755B7917A}"
EndProject
Project("{2150E333-8FDC-42A3-9474-1A3956D46DE8}") = "DataAccess", "DataAccess", "{933A44C2-D66D-46FF-BA41-1D8172758D33}"
EndProject
Project("{2150E333-8FDC-42A3-9474-1A3956D46DE8}") = "Domain", "Domain", "{6F205578-7076-4470-81F0-70C17E4E1FAA}"
EndProject
Project("{2150E333-8FDC-42A3-9474-1A3956D46DE8}") = "Services", "Services", "{F434B91E-62FE-478B-B2CF-E8ED1DB063E0}"
EndProject
Project("{2150E333-8FDC-42A3-9474-1A3956D46DE8}") = "Utility", "Utility", "{F9A5AEF0-6152-44E0-81C2-FB6DBAFEFD03}"
EndProject
Project("{2150E333-8FDC-42A3-9474-1A3956D46DE8}") = "Views", "Views", "{82CC74A6-315D-4471-ACC5-E17D9A3CD5AF}"
EndProject
Project("{9A19103F-16F7-4668-BE54-9A1E7A4F7556}") = "Assignment2C2P.BusinessLogic", "Assignment2C2P.BusinessLogic\Assignment2C2P.BusinessLogic.csproj", "{31749C74-90CB-4E58-9616-BE7A2AAA7EEB}"
EndProject
Project("{9A19103F-16F7-4668-BE54-9A1E7A4F7556}") = "Assignment2C2P.DataAccess", "Assignment2C2P.DataAccess\Assignment2C2P.DataAccess.csproj", "{449944EB-2300-4963-A21F-6527AA52DB6B}"
EndProject
Project("{9A19103F-16F7-4668-BE54-9A1E7A4F7556}") = "Assignment2C2P.Repository", "Assignment2C2P.Repository\Assignment2C2P.Repository.csproj", "{43220968-B9CA-481F-B6D5-118943804566}"
EndProject
Project("{9A19103F-16F7-4668-BE54-9A1E7A4F7556}") = "Assignment2C2P.Domain", "Assignment2C2P.Domain\Assignment2C2P.Domain.csproj", "{6B79B0AD-F0A9-4FFD-9F5D-8024719DBE21}"
EndProject
Project("{9A19103F-16F7-4668-BE54-9A1E7A4F7556}") = "Assignment2C2P.Services", "Assignment2C2P.Services\Assignment2C2P.Services.csproj", "{851BAC92-F2C2-43BF-A7A3-C48DDEAFDD52}"
EndProject
Project("{9A19103F-16F7-4668-BE54-9A1E7A4F7556}") = "Assignment2C2P.IoC", "Assignment2C2P.IoC\Assignment2C2P.IoC.csproj", "{7910F2AF-4135-4D8F-AFD9-22CFF2AC0DCE}"
EndProject
Project("{9A19103F-16F7-4668-BE54-9A1E7A4F7556}") = "Assignment2C2P.Utils", "Assignment2C2P.Utils\Assignment2C2P.Utils.csproj", "{9A540518-C816-40E5-949A-E6DFC441B972}"
EndProject
Project("{9A19103F-16F7-4668-BE54-9A1E7A4F7556}") = "Assignment2C2P.ViewModels", "Assignment2C2P.ViewModels\Assignment2C2P.ViewModels.csproj", "{7140A351-0889-4EF8-8AA4-99966B6BF819}"
EndProject
Project("{9A19103F-16F7-4668-BE54-9A1E7A4F7556}") = "Assignment2C2P.Domain.Implementation", "Assignment2C2P.Implementation\Assignment2C2P.Domain.Implementation.csproj", "{94A8B95D-A2B4-44A8-BDE6-98A6BFED948E}"
EndProject
Project("{9A19103F-16F7-4668-BE54-9A1E7A4F7556}") = "Assignment2C2P.Repository.Implementation", "Assignment2C2P.Repository.Implementation\Assignment2C2P.Repository.Implementation.csproj", "{11B3134F-4A21-46ED-B576-3B07C22DABF5}"
EndProject
Project("{9A19103F-16F7-4668-BE54-9A1E7A4F7556}") = "Assignment2C2P.Services.Implementation", "Assignment2C2P.Services.Implementation\Assignment2C2P.Services.Implementation.csproj", "{4B75F78E-BD8F-46CC-A564-EF92C1529D91}"
EndProject
Project("{9A19103F-16F7-4668-BE54-9A1E7A4F7556}") = "Assignment2C2P.BusinessLogic.Implementation", "Assignment2C2P.BusinessLogic.Implementation\Assignment2C2P.BusinessLogic.Implementation.csproj", "{69B20B42-5A06-4A3F-9E42-0077A6B4A992}"
EndProject
Project("{2150E333-8FDC-42A3-9474-1A3956D46DE8}") = "Tests", "Tests", "{8DCCCF8B-1817-4ABC-91BB-0B372BACCD8C}"
EndProject
Project("{9A19103F-16F7-4668-BE54-9A1E7A4F7556}") = "Assignment2C2P.Utils.Tests", "Assignment2C2P.Utils.Tests\Assignment2C2P.Utils.Tests.csproj", "{3DC54DEA-4AFF-4CA4-8C52-C4D88D760E51}"
EndProject
Project("{9A19103F-16F7-4668-BE54-9A1E7A4F7556}") = "Assignment2C2P.BusinessLogic.Tests", "Assignment2C2P.BusinessLogic.Tests\Assignment2C2P.BusinessLogic.Tests.csproj", "{108E2E72-870E-4A51-8ADD-B5B82865C1D0}"
EndProject
Project("{9A19103F-16F7-4668-BE54-9A1E7A4F7556}") = "Assignment2C2P.Services.Tests", "Assignment2C2P.Services.Tests\Assignment2C2P.Services.Tests.csproj", "{285A0B45-ECE0-425A-9F13-02A105F22F71}"
EndProject
Global
	GlobalSection(SolutionConfigurationPlatforms) = preSolution
		Debug|Any CPU = Debug|Any CPU
		Release|Any CPU = Release|Any CPU
	EndGlobalSection
	GlobalSection(ProjectConfigurationPlatforms) = postSolution
		{82742A77-AA59-4837-9462-641E3D63C132}.Debug|Any CPU.ActiveCfg = Debug|Any CPU
		{82742A77-AA59-4837-9462-641E3D63C132}.Debug|Any CPU.Build.0 = Debug|Any CPU
		{82742A77-AA59-4837-9462-641E3D63C132}.Release|Any CPU.ActiveCfg = Release|Any CPU
		{82742A77-AA59-4837-9462-641E3D63C132}.Release|Any CPU.Build.0 = Release|Any CPU
		{31749C74-90CB-4E58-9616-BE7A2AAA7EEB}.Debug|Any CPU.ActiveCfg = Debug|Any CPU
		{31749C74-90CB-4E58-9616-BE7A2AAA7EEB}.Debug|Any CPU.Build.0 = Debug|Any CPU
		{31749C74-90CB-4E58-9616-BE7A2AAA7EEB}.Release|Any CPU.ActiveCfg = Release|Any CPU
		{31749C74-90CB-4E58-9616-BE7A2AAA7EEB}.Release|Any CPU.Build.0 = Release|Any CPU
		{449944EB-2300-4963-A21F-6527AA52DB6B}.Debug|Any CPU.ActiveCfg = Debug|Any CPU
		{449944EB-2300-4963-A21F-6527AA52DB6B}.Debug|Any CPU.Build.0 = Debug|Any CPU
		{449944EB-2300-4963-A21F-6527AA52DB6B}.Release|Any CPU.ActiveCfg = Release|Any CPU
		{449944EB-2300-4963-A21F-6527AA52DB6B}.Release|Any CPU.Build.0 = Release|Any CPU
		{43220968-B9CA-481F-B6D5-118943804566}.Debug|Any CPU.ActiveCfg = Debug|Any CPU
		{43220968-B9CA-481F-B6D5-118943804566}.Debug|Any CPU.Build.0 = Debug|Any CPU
		{43220968-B9CA-481F-B6D5-118943804566}.Release|Any CPU.ActiveCfg = Release|Any CPU
		{43220968-B9CA-481F-B6D5-118943804566}.Release|Any CPU.Build.0 = Release|Any CPU
		{6B79B0AD-F0A9-4FFD-9F5D-8024719DBE21}.Debug|Any CPU.ActiveCfg = Debug|Any CPU
		{6B79B0AD-F0A9-4FFD-9F5D-8024719DBE21}.Debug|Any CPU.Build.0 = Debug|Any CPU
		{6B79B0AD-F0A9-4FFD-9F5D-8024719DBE21}.Release|Any CPU.ActiveCfg = Release|Any CPU
		{6B79B0AD-F0A9-4FFD-9F5D-8024719DBE21}.Release|Any CPU.Build.0 = Release|Any CPU
		{851BAC92-F2C2-43BF-A7A3-C48DDEAFDD52}.Debug|Any CPU.ActiveCfg = Debug|Any CPU
		{851BAC92-F2C2-43BF-A7A3-C48DDEAFDD52}.Debug|Any CPU.Build.0 = Debug|Any CPU
		{851BAC92-F2C2-43BF-A7A3-C48DDEAFDD52}.Release|Any CPU.ActiveCfg = Release|Any CPU
		{851BAC92-F2C2-43BF-A7A3-C48DDEAFDD52}.Release|Any CPU.Build.0 = Release|Any CPU
		{7910F2AF-4135-4D8F-AFD9-22CFF2AC0DCE}.Debug|Any CPU.ActiveCfg = Debug|Any CPU
		{7910F2AF-4135-4D8F-AFD9-22CFF2AC0DCE}.Debug|Any CPU.Build.0 = Debug|Any CPU
		{7910F2AF-4135-4D8F-AFD9-22CFF2AC0DCE}.Release|Any CPU.ActiveCfg = Release|Any CPU
		{7910F2AF-4135-4D8F-AFD9-22CFF2AC0DCE}.Release|Any CPU.Build.0 = Release|Any CPU
		{9A540518-C816-40E5-949A-E6DFC441B972}.Debug|Any CPU.ActiveCfg = Debug|Any CPU
		{9A540518-C816-40E5-949A-E6DFC441B972}.Debug|Any CPU.Build.0 = Debug|Any CPU
		{9A540518-C816-40E5-949A-E6DFC441B972}.Release|Any CPU.ActiveCfg = Release|Any CPU
		{9A540518-C816-40E5-949A-E6DFC441B972}.Release|Any CPU.Build.0 = Release|Any CPU
		{7140A351-0889-4EF8-8AA4-99966B6BF819}.Debug|Any CPU.ActiveCfg = Debug|Any CPU
		{7140A351-0889-4EF8-8AA4-99966B6BF819}.Debug|Any CPU.Build.0 = Debug|Any CPU
		{7140A351-0889-4EF8-8AA4-99966B6BF819}.Release|Any CPU.ActiveCfg = Release|Any CPU
		{7140A351-0889-4EF8-8AA4-99966B6BF819}.Release|Any CPU.Build.0 = Release|Any CPU
		{94A8B95D-A2B4-44A8-BDE6-98A6BFED948E}.Debug|Any CPU.ActiveCfg = Debug|Any CPU
		{94A8B95D-A2B4-44A8-BDE6-98A6BFED948E}.Debug|Any CPU.Build.0 = Debug|Any CPU
		{94A8B95D-A2B4-44A8-BDE6-98A6BFED948E}.Release|Any CPU.ActiveCfg = Release|Any CPU
		{94A8B95D-A2B4-44A8-BDE6-98A6BFED948E}.Release|Any CPU.Build.0 = Release|Any CPU
		{11B3134F-4A21-46ED-B576-3B07C22DABF5}.Debug|Any CPU.ActiveCfg = Debug|Any CPU
		{11B3134F-4A21-46ED-B576-3B07C22DABF5}.Debug|Any CPU.Build.0 = Debug|Any CPU
		{11B3134F-4A21-46ED-B576-3B07C22DABF5}.Release|Any CPU.ActiveCfg = Release|Any CPU
		{11B3134F-4A21-46ED-B576-3B07C22DABF5}.Release|Any CPU.Build.0 = Release|Any CPU
		{4B75F78E-BD8F-46CC-A564-EF92C1529D91}.Debug|Any CPU.ActiveCfg = Debug|Any CPU
		{4B75F78E-BD8F-46CC-A564-EF92C1529D91}.Debug|Any CPU.Build.0 = Debug|Any CPU
		{4B75F78E-BD8F-46CC-A564-EF92C1529D91}.Release|Any CPU.ActiveCfg = Release|Any CPU
		{4B75F78E-BD8F-46CC-A564-EF92C1529D91}.Release|Any CPU.Build.0 = Release|Any CPU
		{69B20B42-5A06-4A3F-9E42-0077A6B4A992}.Debug|Any CPU.ActiveCfg = Debug|Any CPU
		{69B20B42-5A06-4A3F-9E42-0077A6B4A992}.Debug|Any CPU.Build.0 = Debug|Any CPU
		{69B20B42-5A06-4A3F-9E42-0077A6B4A992}.Release|Any CPU.ActiveCfg = Release|Any CPU
		{69B20B42-5A06-4A3F-9E42-0077A6B4A992}.Release|Any CPU.Build.0 = Release|Any CPU
		{3DC54DEA-4AFF-4CA4-8C52-C4D88D760E51}.Debug|Any CPU.ActiveCfg = Debug|Any CPU
		{3DC54DEA-4AFF-4CA4-8C52-C4D88D760E51}.Debug|Any CPU.Build.0 = Debug|Any CPU
		{3DC54DEA-4AFF-4CA4-8C52-C4D88D760E51}.Release|Any CPU.ActiveCfg = Release|Any CPU
		{3DC54DEA-4AFF-4CA4-8C52-C4D88D760E51}.Release|Any CPU.Build.0 = Release|Any CPU
		{108E2E72-870E-4A51-8ADD-B5B82865C1D0}.Debug|Any CPU.ActiveCfg = Debug|Any CPU
		{108E2E72-870E-4A51-8ADD-B5B82865C1D0}.Debug|Any CPU.Build.0 = Debug|Any CPU
		{108E2E72-870E-4A51-8ADD-B5B82865C1D0}.Release|Any CPU.ActiveCfg = Release|Any CPU
		{108E2E72-870E-4A51-8ADD-B5B82865C1D0}.Release|Any CPU.Build.0 = Release|Any CPU
		{285A0B45-ECE0-425A-9F13-02A105F22F71}.Debug|Any CPU.ActiveCfg = Debug|Any CPU
		{285A0B45-ECE0-425A-9F13-02A105F22F71}.Debug|Any CPU.Build.0 = Debug|Any CPU
		{285A0B45-ECE0-425A-9F13-02A105F22F71}.Release|Any CPU.ActiveCfg = Release|Any CPU
		{285A0B45-ECE0-425A-9F13-02A105F22F71}.Release|Any CPU.Build.0 = Release|Any CPU
	EndGlobalSection
	GlobalSection(SolutionProperties) = preSolution
		HideSolutionNode = FALSE
	EndGlobalSection
	GlobalSection(NestedProjects) = preSolution
		{31749C74-90CB-4E58-9616-BE7A2AAA7EEB} = {39B9745A-2FBB-45A6-8028-A17755B7917A}
		{449944EB-2300-4963-A21F-6527AA52DB6B} = {933A44C2-D66D-46FF-BA41-1D8172758D33}
		{43220968-B9CA-481F-B6D5-118943804566} = {933A44C2-D66D-46FF-BA41-1D8172758D33}
		{6B79B0AD-F0A9-4FFD-9F5D-8024719DBE21} = {6F205578-7076-4470-81F0-70C17E4E1FAA}
		{851BAC92-F2C2-43BF-A7A3-C48DDEAFDD52} = {F434B91E-62FE-478B-B2CF-E8ED1DB063E0}
		{7910F2AF-4135-4D8F-AFD9-22CFF2AC0DCE} = {F9A5AEF0-6152-44E0-81C2-FB6DBAFEFD03}
		{9A540518-C816-40E5-949A-E6DFC441B972} = {F9A5AEF0-6152-44E0-81C2-FB6DBAFEFD03}
		{7140A351-0889-4EF8-8AA4-99966B6BF819} = {82CC74A6-315D-4471-ACC5-E17D9A3CD5AF}
		{94A8B95D-A2B4-44A8-BDE6-98A6BFED948E} = {6F205578-7076-4470-81F0-70C17E4E1FAA}
		{11B3134F-4A21-46ED-B576-3B07C22DABF5} = {933A44C2-D66D-46FF-BA41-1D8172758D33}
		{4B75F78E-BD8F-46CC-A564-EF92C1529D91} = {F434B91E-62FE-478B-B2CF-E8ED1DB063E0}
		{69B20B42-5A06-4A3F-9E42-0077A6B4A992} = {39B9745A-2FBB-45A6-8028-A17755B7917A}
		{3DC54DEA-4AFF-4CA4-8C52-C4D88D760E51} = {8DCCCF8B-1817-4ABC-91BB-0B372BACCD8C}
		{108E2E72-870E-4A51-8ADD-B5B82865C1D0} = {8DCCCF8B-1817-4ABC-91BB-0B372BACCD8C}
		{285A0B45-ECE0-425A-9F13-02A105F22F71} = {8DCCCF8B-1817-4ABC-91BB-0B372BACCD8C}
	EndGlobalSection
	GlobalSection(ExtensibilityGlobals) = postSolution
		SolutionGuid = {773607E1-EE50-426A-AA4F-8E94C40FA1E5}
	EndGlobalSection
EndGlobal
